
Microsoft Visual Studio Solution File, Format Version 12.00
# Visual Studio Version 17
VisualStudioVersion = 17.0.31903.59
MinimumVisualStudioVersion = 10.0.40219.1
Project("{9A19103F-16F7-4668-BE54-9A1E7A4F7556}") = "anagram", "anagram\anagram.csproj", "{CF014AE8-DD74-4FFC-B082-58EFF6FEEA46}"
EndProject
Project("{9A19103F-16F7-4668-BE54-9A1E7A4F7556}") = "arrayManipulation", "arrayManipulation\arrayManipulation.csproj", "{0EAB74EB-AD33-43C6-AFD1-B0A0DB2B4A92}"
EndProject
Project("{2150E333-8FDC-42A3-9474-1A3956D46DE8}") = "Data Structure", "Data Structure", "{3DFF23E3-9E79-4082-82E1-9D320BF6E68F}"
EndProject
Project("{9A19103F-16F7-4668-BE54-9A1E7A4F7556}") = "queueStacks", "queueStacks\queueStacks.csproj", "{C90CF2EA-9025-40B4-895D-C8715871A4F4}"
EndProject
Project("{2150E333-8FDC-42A3-9474-1A3956D46DE8}") = "tests", "tests", "{C44DCAAC-A261-4823-8910-CFA5F11B10C9}"
EndProject
Project("{FAE04EC0-301F-11D3-BF4B-00C04F79EFBC}") = "QueueTests", "tests\QueueTests\QueueTests.csproj", "{304A264B-1D80-4939-953E-1385BAA7109A}"
EndProject
Project("{FAE04EC0-301F-11D3-BF4B-00C04F79EFBC}") = "LinkedList", "LinkedList\LinkedList.csproj", "{38D03DAA-76ED-4E28-8781-EF90911081E6}"
EndProject
Project("{FAE04EC0-301F-11D3-BF4B-00C04F79EFBC}") = "LinkedListTests", "tests\LinkedListTests\LinkedListTests.csproj", "{CB1E25BE-1EDF-446E-AE77-482172479DE8}"
EndProject
Global
	GlobalSection(SolutionConfigurationPlatforms) = preSolution
		Debug|Any CPU = Debug|Any CPU
		Release|Any CPU = Release|Any CPU
	EndGlobalSection
	GlobalSection(ProjectConfigurationPlatforms) = postSolution
		{CF014AE8-DD74-4FFC-B082-58EFF6FEEA46}.Debug|Any CPU.ActiveCfg = Debug|Any CPU
		{CF014AE8-DD74-4FFC-B082-58EFF6FEEA46}.Debug|Any CPU.Build.0 = Debug|Any CPU
		{CF014AE8-DD74-4FFC-B082-58EFF6FEEA46}.Release|Any CPU.ActiveCfg = Release|Any CPU
		{CF014AE8-DD74-4FFC-B082-58EFF6FEEA46}.Release|Any CPU.Build.0 = Release|Any CPU
		{0EAB74EB-AD33-43C6-AFD1-B0A0DB2B4A92}.Debug|Any CPU.ActiveCfg = Debug|Any CPU
		{0EAB74EB-AD33-43C6-AFD1-B0A0DB2B4A92}.Debug|Any CPU.Build.0 = Debug|Any CPU
		{0EAB74EB-AD33-43C6-AFD1-B0A0DB2B4A92}.Release|Any CPU.ActiveCfg = Release|Any CPU
		{0EAB74EB-AD33-43C6-AFD1-B0A0DB2B4A92}.Release|Any CPU.Build.0 = Release|Any CPU
		{C90CF2EA-9025-40B4-895D-C8715871A4F4}.Debug|Any CPU.ActiveCfg = Debug|Any CPU
		{C90CF2EA-9025-40B4-895D-C8715871A4F4}.Debug|Any CPU.Build.0 = Debug|Any CPU
		{C90CF2EA-9025-40B4-895D-C8715871A4F4}.Release|Any CPU.ActiveCfg = Release|Any CPU
		{C90CF2EA-9025-40B4-895D-C8715871A4F4}.Release|Any CPU.Build.0 = Release|Any CPU
		{304A264B-1D80-4939-953E-1385BAA7109A}.Debug|Any CPU.ActiveCfg = Debug|Any CPU
		{304A264B-1D80-4939-953E-1385BAA7109A}.Debug|Any CPU.Build.0 = Debug|Any CPU
		{304A264B-1D80-4939-953E-1385BAA7109A}.Release|Any CPU.ActiveCfg = Release|Any CPU
		{304A264B-1D80-4939-953E-1385BAA7109A}.Release|Any CPU.Build.0 = Release|Any CPU
		{38D03DAA-76ED-4E28-8781-EF90911081E6}.Debug|Any CPU.ActiveCfg = Debug|Any CPU
		{38D03DAA-76ED-4E28-8781-EF90911081E6}.Debug|Any CPU.Build.0 = Debug|Any CPU
		{38D03DAA-76ED-4E28-8781-EF90911081E6}.Release|Any CPU.ActiveCfg = Release|Any CPU
		{38D03DAA-76ED-4E28-8781-EF90911081E6}.Release|Any CPU.Build.0 = Release|Any CPU
		{CB1E25BE-1EDF-446E-AE77-482172479DE8}.Debug|Any CPU.ActiveCfg = Debug|Any CPU
		{CB1E25BE-1EDF-446E-AE77-482172479DE8}.Debug|Any CPU.Build.0 = Debug|Any CPU
		{CB1E25BE-1EDF-446E-AE77-482172479DE8}.Release|Any CPU.ActiveCfg = Release|Any CPU
		{CB1E25BE-1EDF-446E-AE77-482172479DE8}.Release|Any CPU.Build.0 = Release|Any CPU
	EndGlobalSection
	GlobalSection(SolutionProperties) = preSolution
		HideSolutionNode = FALSE
	EndGlobalSection
	GlobalSection(NestedProjects) = preSolution
		{C90CF2EA-9025-40B4-895D-C8715871A4F4} = {3DFF23E3-9E79-4082-82E1-9D320BF6E68F}
		{C44DCAAC-A261-4823-8910-CFA5F11B10C9} = {3DFF23E3-9E79-4082-82E1-9D320BF6E68F}
		{304A264B-1D80-4939-953E-1385BAA7109A} = {C44DCAAC-A261-4823-8910-CFA5F11B10C9}
		{38D03DAA-76ED-4E28-8781-EF90911081E6} = {3DFF23E3-9E79-4082-82E1-9D320BF6E68F}
		{CB1E25BE-1EDF-446E-AE77-482172479DE8} = {C44DCAAC-A261-4823-8910-CFA5F11B10C9}
	EndGlobalSection
	GlobalSection(ExtensibilityGlobals) = postSolution
		SolutionGuid = {965F2E28-2776-4FE7-A49F-F9FED2BFF527}
	EndGlobalSection
EndGlobal
